
Microsoft Visual Studio Solution File, Format Version 12.00
# Visual Studio Version 17
VisualStudioVersion = 17.6.33801.468
MinimumVisualStudioVersion = 10.0.40219.1
Project("{FAE04EC0-301F-11D3-BF4B-00C04F79EFBC}") = "YiYi.Entity", "YiYi.Entity\YiYi.Entity.csproj", "{C1F791B1-A09C-4702-8E15-CF2E0C7D925E}"
EndProject
Project("{FAE04EC0-301F-11D3-BF4B-00C04F79EFBC}") = "YiYi.API", "YiYi.API\YiYi.API.csproj", "{97565D9A-7A11-4FB1-80CF-7AE20E733659}"
EndProject
Project("{FAE04EC0-301F-11D3-BF4B-00C04F79EFBC}") = "YiYi.Core", "YiYi.Core\YiYi.Core.csproj", "{F91BCC8F-769A-4CCF-9D7F-9596BE682138}"
EndProject
Global
	GlobalSection(SolutionConfigurationPlatforms) = preSolution
		Debug|Any CPU = Debug|Any CPU
		Release|Any CPU = Release|Any CPU
	EndGlobalSection
	GlobalSection(ProjectConfigurationPlatforms) = postSolution
		{C1F791B1-A09C-4702-8E15-CF2E0C7D925E}.Debug|Any CPU.ActiveCfg = Debug|Any CPU
		{C1F791B1-A09C-4702-8E15-CF2E0C7D925E}.Debug|Any CPU.Build.0 = Debug|Any CPU
		{C1F791B1-A09C-4702-8E15-CF2E0C7D925E}.Release|Any CPU.ActiveCfg = Release|Any CPU
		{C1F791B1-A09C-4702-8E15-CF2E0C7D925E}.Release|Any CPU.Build.0 = Release|Any CPU
		{97565D9A-7A11-4FB1-80CF-7AE20E733659}.Debug|Any CPU.ActiveCfg = Debug|Any CPU
		{97565D9A-7A11-4FB1-80CF-7AE20E733659}.Debug|Any CPU.Build.0 = Debug|Any CPU
		{97565D9A-7A11-4FB1-80CF-7AE20E733659}.Release|Any CPU.ActiveCfg = Release|Any CPU
		{97565D9A-7A11-4FB1-80CF-7AE20E733659}.Release|Any CPU.Build.0 = Release|Any CPU
		{F91BCC8F-769A-4CCF-9D7F-9596BE682138}.Debug|Any CPU.ActiveCfg = Debug|Any CPU
		{F91BCC8F-769A-4CCF-9D7F-9596BE682138}.Debug|Any CPU.Build.0 = Debug|Any CPU
		{F91BCC8F-769A-4CCF-9D7F-9596BE682138}.Release|Any CPU.ActiveCfg = Release|Any CPU
		{F91BCC8F-769A-4CCF-9D7F-9596BE682138}.Release|Any CPU.Build.0 = Release|Any CPU
	EndGlobalSection
	GlobalSection(SolutionProperties) = preSolution
		HideSolutionNode = FALSE
	EndGlobalSection
	GlobalSection(ExtensibilityGlobals) = postSolution
		SolutionGuid = {0DAF1CA3-DCD1-4E80-98CA-5E6D158206B8}
	EndGlobalSection
EndGlobal
