
Microsoft Visual Studio Solution File, Format Version 12.00
# Visual Studio Version 17
VisualStudioVersion = 17.5.33530.505
MinimumVisualStudioVersion = 10.0.40219.1
Project("{9A19103F-16F7-4668-BE54-9A1E7A4F7556}") = "MiddlewareFlowDemo", "..\MiddlewareFlowDemo\MiddlewareFlowDemo.csproj", "{025C8CAB-ADA4-4697-8873-7EF89993079E}"
EndProject
Project("{9A19103F-16F7-4668-BE54-9A1E7A4F7556}") = "MiddlewareException", "..\MiddlewareException\MiddlewareException.csproj", "{8305E28E-12F1-49B9-9E25-7B1E073D1655}"
EndProject
Project("{FAE04EC0-301F-11D3-BF4B-00C04F79EFBC}") = "MiddlewareStaticFile", "MiddlewareStaticFile\MiddlewareStaticFile.csproj", "{5D03FA71-9C28-4D5F-9D0A-B8479F9D9F4B}"
EndProject
Global
	GlobalSection(SolutionConfigurationPlatforms) = preSolution
		Debug|Any CPU = Debug|Any CPU
		Release|Any CPU = Release|Any CPU
	EndGlobalSection
	GlobalSection(ProjectConfigurationPlatforms) = postSolution
		{025C8CAB-ADA4-4697-8873-7EF89993079E}.Debug|Any CPU.ActiveCfg = Debug|Any CPU
		{025C8CAB-ADA4-4697-8873-7EF89993079E}.Debug|Any CPU.Build.0 = Debug|Any CPU
		{025C8CAB-ADA4-4697-8873-7EF89993079E}.Release|Any CPU.ActiveCfg = Release|Any CPU
		{025C8CAB-ADA4-4697-8873-7EF89993079E}.Release|Any CPU.Build.0 = Release|Any CPU
		{8305E28E-12F1-49B9-9E25-7B1E073D1655}.Debug|Any CPU.ActiveCfg = Debug|Any CPU
		{8305E28E-12F1-49B9-9E25-7B1E073D1655}.Debug|Any CPU.Build.0 = Debug|Any CPU
		{8305E28E-12F1-49B9-9E25-7B1E073D1655}.Release|Any CPU.ActiveCfg = Release|Any CPU
		{8305E28E-12F1-49B9-9E25-7B1E073D1655}.Release|Any CPU.Build.0 = Release|Any CPU
		{5D03FA71-9C28-4D5F-9D0A-B8479F9D9F4B}.Debug|Any CPU.ActiveCfg = Debug|Any CPU
		{5D03FA71-9C28-4D5F-9D0A-B8479F9D9F4B}.Debug|Any CPU.Build.0 = Debug|Any CPU
		{5D03FA71-9C28-4D5F-9D0A-B8479F9D9F4B}.Release|Any CPU.ActiveCfg = Release|Any CPU
		{5D03FA71-9C28-4D5F-9D0A-B8479F9D9F4B}.Release|Any CPU.Build.0 = Release|Any CPU
	EndGlobalSection
	GlobalSection(SolutionProperties) = preSolution
		HideSolutionNode = FALSE
	EndGlobalSection
	GlobalSection(ExtensibilityGlobals) = postSolution
		SolutionGuid = {D5D56029-7888-4758-A50B-BAD5F88349A5}
	EndGlobalSection
EndGlobal
