
Microsoft Visual Studio Solution File, Format Version 12.00
# Visual Studio Version 17
VisualStudioVersion = 17.5.33530.505
MinimumVisualStudioVersion = 10.0.40219.1
Project("{FAE04EC0-301F-11D3-BF4B-00C04F79EFBC}") = "RoutingDemo", "RoutingDemo.csproj", "{7A950426-EBF7-4F29-BDD5-33CF268C22DE}"
EndProject
Global
	GlobalSection(SolutionConfigurationPlatforms) = preSolution
		Debug|Any CPU = Debug|Any CPU
		Release|Any CPU = Release|Any CPU
	EndGlobalSection
	GlobalSection(ProjectConfigurationPlatforms) = postSolution
		{7A950426-EBF7-4F29-BDD5-33CF268C22DE}.Debug|Any CPU.ActiveCfg = Debug|Any CPU
		{7A950426-EBF7-4F29-BDD5-33CF268C22DE}.Debug|Any CPU.Build.0 = Debug|Any CPU
		{7A950426-EBF7-4F29-BDD5-33CF268C22DE}.Release|Any CPU.ActiveCfg = Release|Any CPU
		{7A950426-EBF7-4F29-BDD5-33CF268C22DE}.Release|Any CPU.Build.0 = Release|Any CPU
	EndGlobalSection
	GlobalSection(SolutionProperties) = preSolution
		HideSolutionNode = FALSE
	EndGlobalSection
	GlobalSection(ExtensibilityGlobals) = postSolution
		SolutionGuid = {0068AF68-8638-46C8-9648-E41AB52D3593}
	EndGlobalSection
EndGlobal
