
Microsoft Visual Studio Solution File, Format Version 12.00
# Visual Studio Version 17
VisualStudioVersion = 17.5.33530.505
MinimumVisualStudioVersion = 10.0.40219.1
Project("{FAE04EC0-301F-11D3-BF4B-00C04F79EFBC}") = "LearnDemos", "LearnDemos.csproj", "{097E018E-0233-4EB5-98D4-99840B936756}"
EndProject
Global
	GlobalSection(SolutionConfigurationPlatforms) = preSolution
		Debug|Any CPU = Debug|Any CPU
		Release|Any CPU = Release|Any CPU
	EndGlobalSection
	GlobalSection(ProjectConfigurationPlatforms) = postSolution
		{097E018E-0233-4EB5-98D4-99840B936756}.Debug|Any CPU.ActiveCfg = Debug|Any CPU
		{097E018E-0233-4EB5-98D4-99840B936756}.Debug|Any CPU.Build.0 = Debug|Any CPU
		{097E018E-0233-4EB5-98D4-99840B936756}.Release|Any CPU.ActiveCfg = Release|Any CPU
		{097E018E-0233-4EB5-98D4-99840B936756}.Release|Any CPU.Build.0 = Release|Any CPU
	EndGlobalSection
	GlobalSection(SolutionProperties) = preSolution
		HideSolutionNode = FALSE
	EndGlobalSection
	GlobalSection(ExtensibilityGlobals) = postSolution
		SolutionGuid = {5AE630AF-4F0E-4245-A0EC-B5387698596C}
	EndGlobalSection
EndGlobal
