
Microsoft Visual Studio Solution File, Format Version 12.00
# Visual Studio Version 17
VisualStudioVersion = 17.5.33530.505
MinimumVisualStudioVersion = 10.0.40219.1
Project("{FAE04EC0-301F-11D3-BF4B-00C04F79EFBC}") = "DependencyInjectionAutofacDemo", "DependencyInjectionAutofacDemo\DependencyInjectionAutofacDemo.csproj", "{ED35039C-D205-45F3-8CFB-8F02C6D18C50}"
EndProject
Global
	GlobalSection(SolutionConfigurationPlatforms) = preSolution
		Debug|Any CPU = Debug|Any CPU
		Release|Any CPU = Release|Any CPU
	EndGlobalSection
	GlobalSection(ProjectConfigurationPlatforms) = postSolution
		{ED35039C-D205-45F3-8CFB-8F02C6D18C50}.Debug|Any CPU.ActiveCfg = Debug|Any CPU
		{ED35039C-D205-45F3-8CFB-8F02C6D18C50}.Debug|Any CPU.Build.0 = Debug|Any CPU
		{ED35039C-D205-45F3-8CFB-8F02C6D18C50}.Release|Any CPU.ActiveCfg = Release|Any CPU
		{ED35039C-D205-45F3-8CFB-8F02C6D18C50}.Release|Any CPU.Build.0 = Release|Any CPU
	EndGlobalSection
	GlobalSection(SolutionProperties) = preSolution
		HideSolutionNode = FALSE
	EndGlobalSection
	GlobalSection(ExtensibilityGlobals) = postSolution
		SolutionGuid = {2672F801-724A-476B-984B-EA6B4F9F78F6}
	EndGlobalSection
EndGlobal
