
Microsoft Visual Studio Solution File, Format Version 12.00
# Visual Studio Version 17
VisualStudioVersion = 17.5.33530.505
MinimumVisualStudioVersion = 10.0.40219.1
Project("{2150E333-8FDC-42A3-9474-1A3956D46DE8}") = "Applications", "Applications", "{71421B08-5B40-4405-9015-33A5DBF5ACCB}"
EndProject
Project("{2150E333-8FDC-42A3-9474-1A3956D46DE8}") = "Domain", "Domain", "{4FD5E249-E769-488C-9EC5-DCD88FC60B22}"
EndProject
Project("{2150E333-8FDC-42A3-9474-1A3956D46DE8}") = "Infrastructure", "Infrastructure", "{B2D7AA75-670F-4D73-B58C-E59C75E561A8}"
EndProject
Project("{2150E333-8FDC-42A3-9474-1A3956D46DE8}") = "Shared", "Shared", "{E82633D6-A278-4112-BEAC-A2D4149888A1}"
EndProject
Project("{9A19103F-16F7-4668-BE54-9A1E7A4F7556}") = "Learns.Core", "Learns.Core\Learns.Core.csproj", "{2B8551B5-6B4F-4EC4-A617-F3C1D5174240}"
EndProject
Project("{9A19103F-16F7-4668-BE54-9A1E7A4F7556}") = "Learns.Domain.Abstractions", "Learns.Domain.Abstractions\Learns.Domain.Abstractions.csproj", "{FB44A7AE-1BE0-4D48-B604-C03E03BCE328}"
EndProject
Project("{9A19103F-16F7-4668-BE54-9A1E7A4F7556}") = "Learns.Infrastructure.Core", "Learns.Infrastructure.Core\Learns.Infrastructure.Core.csproj", "{69E44C71-AE33-4D0A-A2E9-ED2F71872532}"
EndProject
Project("{9A19103F-16F7-4668-BE54-9A1E7A4F7556}") = "Learns.API", "Learns.API\Learns.API.csproj", "{5706A7DC-D194-4AF6-A319-F4048B477A6E}"
EndProject
Project("{9A19103F-16F7-4668-BE54-9A1E7A4F7556}") = "Learns.BackgroundTasks", "Learns.BackgroundTasks\Learns.BackgroundTasks.csproj", "{58D84DA6-6326-47C7-901A-1D26D806C4BD}"
EndProject
Project("{9A19103F-16F7-4668-BE54-9A1E7A4F7556}") = "Learns.Domain", "Learns.Domain\Learns.Domain.csproj", "{DC97D6FA-F87F-4C07-A791-81F0A4665947}"
EndProject
Project("{9A19103F-16F7-4668-BE54-9A1E7A4F7556}") = "Learns.Infrastructure", "Learns.Infrastructure\Learns.Infrastructure.csproj", "{89B9B761-5A82-4A18-B72D-42380B3FC915}"
EndProject
Project("{2150E333-8FDC-42A3-9474-1A3956D46DE8}") = "ApiGateways", "ApiGateways", "{9EBDC0CD-568D-4595-B8C0-AA0C163A2515}"
EndProject
Project("{9A19103F-16F7-4668-BE54-9A1E7A4F7556}") = "Learns.Gateway", "Gateway\Learns.Gateway\Learns.Gateway.csproj", "{C48FD4FC-D425-41D3-9ECB-A8E614E086E9}"
EndProject
Project("{9A19103F-16F7-4668-BE54-9A1E7A4F7556}") = "Learns.Mobile.ApiAggregator", "Gateway\Learns.Mobile.ApiAggregator\Learns.Mobile.ApiAggregator.csproj", "{7963AD86-2BCA-4F63-AB38-D8B1C55CB03C}"
EndProject
Project("{9A19103F-16F7-4668-BE54-9A1E7A4F7556}") = "Learns.Mobile.Gateway", "Gateway\Learns.Mobile.Gateway\Learns.Mobile.Gateway.csproj", "{B1C951FC-AA8D-4C0E-A7C7-E66B620CF132}"
EndProject
Project("{2150E333-8FDC-42A3-9474-1A3956D46DE8}") = "Services", "Services", "{572A78FA-E5E6-49E3-9E85-07214E9FC3C8}"
EndProject
Project("{2150E333-8FDC-42A3-9474-1A3956D46DE8}") = "Identity", "Identity", "{3165B748-5178-4560-AFF6-B17FE906DF8B}"
EndProject
Project("{2150E333-8FDC-42A3-9474-1A3956D46DE8}") = "Ordering", "Ordering", "{ABC6C4D9-9867-4335-86AC-3B7557CB83A8}"
EndProject
Project("{9A19103F-16F7-4668-BE54-9A1E7A4F7556}") = "Learns.Identity.API", "Learns.Identity.API\Learns.Identity.API.csproj", "{51D3AA54-28AE-436E-8198-1F8BAF4D09DA}"
EndProject
Project("{9A19103F-16F7-4668-BE54-9A1E7A4F7556}") = "Learns.Ordering.API", "Ordering\Learns.Ordering.API\Learns.Ordering.API.csproj", "{403982D4-AE58-4F9C-96DB-C21703F0D55B}"
EndProject
Project("{9A19103F-16F7-4668-BE54-9A1E7A4F7556}") = "Learns.Ordering.BackendTasks", "Ordering\Learns.Ordering.BackendTasks\Learns.Ordering.BackendTasks.csproj", "{3D4F97C7-5163-4069-9E07-59674214FF72}"
EndProject
Project("{9A19103F-16F7-4668-BE54-9A1E7A4F7556}") = "Learns.Ordering.Domain", "Ordering\Learns.Ordering.Domain\Learns.Ordering.Domain.csproj", "{9DE062C0-7018-4BBB-833C-EC51BA491F5F}"
EndProject
Project("{9A19103F-16F7-4668-BE54-9A1E7A4F7556}") = "Learns.Ordering.Infrastructure", "Ordering\Learns.Ordering.Infrastructure\Learns.Ordering.Infrastructure.csproj", "{B359AE9B-139E-4DFA-A440-BB625A6681CD}"
EndProject
Project("{FAE04EC0-301F-11D3-BF4B-00C04F79EFBC}") = "Learns.Web", "Learns.Web\Learns.Web.csproj", "{651F90CA-9B67-41C8-9752-795F1531C943}"
EndProject
Global
	GlobalSection(SolutionConfigurationPlatforms) = preSolution
		Debug|Any CPU = Debug|Any CPU
		Release|Any CPU = Release|Any CPU
	EndGlobalSection
	GlobalSection(ProjectConfigurationPlatforms) = postSolution
		{2B8551B5-6B4F-4EC4-A617-F3C1D5174240}.Debug|Any CPU.ActiveCfg = Debug|Any CPU
		{2B8551B5-6B4F-4EC4-A617-F3C1D5174240}.Debug|Any CPU.Build.0 = Debug|Any CPU
		{2B8551B5-6B4F-4EC4-A617-F3C1D5174240}.Release|Any CPU.ActiveCfg = Release|Any CPU
		{2B8551B5-6B4F-4EC4-A617-F3C1D5174240}.Release|Any CPU.Build.0 = Release|Any CPU
		{FB44A7AE-1BE0-4D48-B604-C03E03BCE328}.Debug|Any CPU.ActiveCfg = Debug|Any CPU
		{FB44A7AE-1BE0-4D48-B604-C03E03BCE328}.Debug|Any CPU.Build.0 = Debug|Any CPU
		{FB44A7AE-1BE0-4D48-B604-C03E03BCE328}.Release|Any CPU.ActiveCfg = Release|Any CPU
		{FB44A7AE-1BE0-4D48-B604-C03E03BCE328}.Release|Any CPU.Build.0 = Release|Any CPU
		{69E44C71-AE33-4D0A-A2E9-ED2F71872532}.Debug|Any CPU.ActiveCfg = Debug|Any CPU
		{69E44C71-AE33-4D0A-A2E9-ED2F71872532}.Debug|Any CPU.Build.0 = Debug|Any CPU
		{69E44C71-AE33-4D0A-A2E9-ED2F71872532}.Release|Any CPU.ActiveCfg = Release|Any CPU
		{69E44C71-AE33-4D0A-A2E9-ED2F71872532}.Release|Any CPU.Build.0 = Release|Any CPU
		{5706A7DC-D194-4AF6-A319-F4048B477A6E}.Debug|Any CPU.ActiveCfg = Debug|Any CPU
		{5706A7DC-D194-4AF6-A319-F4048B477A6E}.Debug|Any CPU.Build.0 = Debug|Any CPU
		{5706A7DC-D194-4AF6-A319-F4048B477A6E}.Release|Any CPU.ActiveCfg = Release|Any CPU
		{5706A7DC-D194-4AF6-A319-F4048B477A6E}.Release|Any CPU.Build.0 = Release|Any CPU
		{58D84DA6-6326-47C7-901A-1D26D806C4BD}.Debug|Any CPU.ActiveCfg = Debug|Any CPU
		{58D84DA6-6326-47C7-901A-1D26D806C4BD}.Debug|Any CPU.Build.0 = Debug|Any CPU
		{58D84DA6-6326-47C7-901A-1D26D806C4BD}.Release|Any CPU.ActiveCfg = Release|Any CPU
		{58D84DA6-6326-47C7-901A-1D26D806C4BD}.Release|Any CPU.Build.0 = Release|Any CPU
		{DC97D6FA-F87F-4C07-A791-81F0A4665947}.Debug|Any CPU.ActiveCfg = Debug|Any CPU
		{DC97D6FA-F87F-4C07-A791-81F0A4665947}.Debug|Any CPU.Build.0 = Debug|Any CPU
		{DC97D6FA-F87F-4C07-A791-81F0A4665947}.Release|Any CPU.ActiveCfg = Release|Any CPU
		{DC97D6FA-F87F-4C07-A791-81F0A4665947}.Release|Any CPU.Build.0 = Release|Any CPU
		{89B9B761-5A82-4A18-B72D-42380B3FC915}.Debug|Any CPU.ActiveCfg = Debug|Any CPU
		{89B9B761-5A82-4A18-B72D-42380B3FC915}.Debug|Any CPU.Build.0 = Debug|Any CPU
		{89B9B761-5A82-4A18-B72D-42380B3FC915}.Release|Any CPU.ActiveCfg = Release|Any CPU
		{89B9B761-5A82-4A18-B72D-42380B3FC915}.Release|Any CPU.Build.0 = Release|Any CPU
		{C48FD4FC-D425-41D3-9ECB-A8E614E086E9}.Debug|Any CPU.ActiveCfg = Debug|Any CPU
		{C48FD4FC-D425-41D3-9ECB-A8E614E086E9}.Debug|Any CPU.Build.0 = Debug|Any CPU
		{C48FD4FC-D425-41D3-9ECB-A8E614E086E9}.Release|Any CPU.ActiveCfg = Release|Any CPU
		{C48FD4FC-D425-41D3-9ECB-A8E614E086E9}.Release|Any CPU.Build.0 = Release|Any CPU
		{7963AD86-2BCA-4F63-AB38-D8B1C55CB03C}.Debug|Any CPU.ActiveCfg = Debug|Any CPU
		{7963AD86-2BCA-4F63-AB38-D8B1C55CB03C}.Debug|Any CPU.Build.0 = Debug|Any CPU
		{7963AD86-2BCA-4F63-AB38-D8B1C55CB03C}.Release|Any CPU.ActiveCfg = Release|Any CPU
		{7963AD86-2BCA-4F63-AB38-D8B1C55CB03C}.Release|Any CPU.Build.0 = Release|Any CPU
		{B1C951FC-AA8D-4C0E-A7C7-E66B620CF132}.Debug|Any CPU.ActiveCfg = Debug|Any CPU
		{B1C951FC-AA8D-4C0E-A7C7-E66B620CF132}.Debug|Any CPU.Build.0 = Debug|Any CPU
		{B1C951FC-AA8D-4C0E-A7C7-E66B620CF132}.Release|Any CPU.ActiveCfg = Release|Any CPU
		{B1C951FC-AA8D-4C0E-A7C7-E66B620CF132}.Release|Any CPU.Build.0 = Release|Any CPU
		{51D3AA54-28AE-436E-8198-1F8BAF4D09DA}.Debug|Any CPU.ActiveCfg = Debug|Any CPU
		{51D3AA54-28AE-436E-8198-1F8BAF4D09DA}.Debug|Any CPU.Build.0 = Debug|Any CPU
		{51D3AA54-28AE-436E-8198-1F8BAF4D09DA}.Release|Any CPU.ActiveCfg = Release|Any CPU
		{51D3AA54-28AE-436E-8198-1F8BAF4D09DA}.Release|Any CPU.Build.0 = Release|Any CPU
		{403982D4-AE58-4F9C-96DB-C21703F0D55B}.Debug|Any CPU.ActiveCfg = Debug|Any CPU
		{403982D4-AE58-4F9C-96DB-C21703F0D55B}.Debug|Any CPU.Build.0 = Debug|Any CPU
		{403982D4-AE58-4F9C-96DB-C21703F0D55B}.Release|Any CPU.ActiveCfg = Release|Any CPU
		{403982D4-AE58-4F9C-96DB-C21703F0D55B}.Release|Any CPU.Build.0 = Release|Any CPU
		{3D4F97C7-5163-4069-9E07-59674214FF72}.Debug|Any CPU.ActiveCfg = Debug|Any CPU
		{3D4F97C7-5163-4069-9E07-59674214FF72}.Debug|Any CPU.Build.0 = Debug|Any CPU
		{3D4F97C7-5163-4069-9E07-59674214FF72}.Release|Any CPU.ActiveCfg = Release|Any CPU
		{3D4F97C7-5163-4069-9E07-59674214FF72}.Release|Any CPU.Build.0 = Release|Any CPU
		{9DE062C0-7018-4BBB-833C-EC51BA491F5F}.Debug|Any CPU.ActiveCfg = Debug|Any CPU
		{9DE062C0-7018-4BBB-833C-EC51BA491F5F}.Debug|Any CPU.Build.0 = Debug|Any CPU
		{9DE062C0-7018-4BBB-833C-EC51BA491F5F}.Release|Any CPU.ActiveCfg = Release|Any CPU
		{9DE062C0-7018-4BBB-833C-EC51BA491F5F}.Release|Any CPU.Build.0 = Release|Any CPU
		{B359AE9B-139E-4DFA-A440-BB625A6681CD}.Debug|Any CPU.ActiveCfg = Debug|Any CPU
		{B359AE9B-139E-4DFA-A440-BB625A6681CD}.Debug|Any CPU.Build.0 = Debug|Any CPU
		{B359AE9B-139E-4DFA-A440-BB625A6681CD}.Release|Any CPU.ActiveCfg = Release|Any CPU
		{B359AE9B-139E-4DFA-A440-BB625A6681CD}.Release|Any CPU.Build.0 = Release|Any CPU
		{651F90CA-9B67-41C8-9752-795F1531C943}.Debug|Any CPU.ActiveCfg = Debug|Any CPU
		{651F90CA-9B67-41C8-9752-795F1531C943}.Debug|Any CPU.Build.0 = Debug|Any CPU
		{651F90CA-9B67-41C8-9752-795F1531C943}.Release|Any CPU.ActiveCfg = Release|Any CPU
		{651F90CA-9B67-41C8-9752-795F1531C943}.Release|Any CPU.Build.0 = Release|Any CPU
	EndGlobalSection
	GlobalSection(SolutionProperties) = preSolution
		HideSolutionNode = FALSE
	EndGlobalSection
	GlobalSection(NestedProjects) = preSolution
		{2B8551B5-6B4F-4EC4-A617-F3C1D5174240} = {E82633D6-A278-4112-BEAC-A2D4149888A1}
		{FB44A7AE-1BE0-4D48-B604-C03E03BCE328} = {E82633D6-A278-4112-BEAC-A2D4149888A1}
		{69E44C71-AE33-4D0A-A2E9-ED2F71872532} = {E82633D6-A278-4112-BEAC-A2D4149888A1}
		{5706A7DC-D194-4AF6-A319-F4048B477A6E} = {71421B08-5B40-4405-9015-33A5DBF5ACCB}
		{58D84DA6-6326-47C7-901A-1D26D806C4BD} = {71421B08-5B40-4405-9015-33A5DBF5ACCB}
		{DC97D6FA-F87F-4C07-A791-81F0A4665947} = {4FD5E249-E769-488C-9EC5-DCD88FC60B22}
		{89B9B761-5A82-4A18-B72D-42380B3FC915} = {B2D7AA75-670F-4D73-B58C-E59C75E561A8}
		{C48FD4FC-D425-41D3-9ECB-A8E614E086E9} = {9EBDC0CD-568D-4595-B8C0-AA0C163A2515}
		{7963AD86-2BCA-4F63-AB38-D8B1C55CB03C} = {9EBDC0CD-568D-4595-B8C0-AA0C163A2515}
		{B1C951FC-AA8D-4C0E-A7C7-E66B620CF132} = {9EBDC0CD-568D-4595-B8C0-AA0C163A2515}
		{3165B748-5178-4560-AFF6-B17FE906DF8B} = {572A78FA-E5E6-49E3-9E85-07214E9FC3C8}
		{ABC6C4D9-9867-4335-86AC-3B7557CB83A8} = {572A78FA-E5E6-49E3-9E85-07214E9FC3C8}
		{51D3AA54-28AE-436E-8198-1F8BAF4D09DA} = {3165B748-5178-4560-AFF6-B17FE906DF8B}
		{403982D4-AE58-4F9C-96DB-C21703F0D55B} = {ABC6C4D9-9867-4335-86AC-3B7557CB83A8}
		{3D4F97C7-5163-4069-9E07-59674214FF72} = {ABC6C4D9-9867-4335-86AC-3B7557CB83A8}
		{9DE062C0-7018-4BBB-833C-EC51BA491F5F} = {ABC6C4D9-9867-4335-86AC-3B7557CB83A8}
		{B359AE9B-139E-4DFA-A440-BB625A6681CD} = {ABC6C4D9-9867-4335-86AC-3B7557CB83A8}
		{651F90CA-9B67-41C8-9752-795F1531C943} = {71421B08-5B40-4405-9015-33A5DBF5ACCB}
	EndGlobalSection
	GlobalSection(ExtensibilityGlobals) = postSolution
		SolutionGuid = {9E103AE4-1BA1-4B26-8477-67BC32DE7B94}
	EndGlobalSection
EndGlobal
